
Microsoft Visual Studio Solution File, Format Version 12.00
# Visual Studio Version 17
VisualStudioVersion = 17.14.37314.3 d17.14
MinimumVisualStudioVersion = 10.0.40219.1
Project("{FAE04EC0-301F-11D3-BF4B-00C04F79EFBC}") = "MediPulse.Domain", "Domain\MediPulse.Domain.csproj", "{CDDBD304-2DA5-44A0-89C3-F7AFC07D46F8}"
EndProject
Project("{FAE04EC0-301F-11D3-BF4B-00C04F79EFBC}") = "MediPulse.Application", "Application\MediPulse.Application.csproj", "{837FF93E-5AAC-4179-9BB1-EC6623E05AE7}"
EndProject
Project("{FAE04EC0-301F-11D3-BF4B-00C04F79EFBC}") = "MediPulse.Infrastructure", "Infrastructure\MediPulse.Infrastructure.csproj", "{62D13F9B-9C9B-4C4F-B973-EE1FDA5E07A9}"
EndProject
Project("{FAE04EC0-301F-11D3-BF4B-00C04F79EFBC}") = "MediPulse.Api", "HMSApi\MediPulse.Api.csproj", "{667D50EE-7B4E-43C4-A23C-2566E89CCC44}"
EndProject
Global
	GlobalSection(SolutionConfigurationPlatforms) = preSolution
		Debug|Any CPU = Debug|Any CPU
		Release|Any CPU = Release|Any CPU
	EndGlobalSection
	GlobalSection(ProjectConfigurationPlatforms) = postSolution
		{CDDBD304-2DA5-44A0-89C3-F7AFC07D46F8}.Debug|Any CPU.ActiveCfg = Debug|Any CPU
		{CDDBD304-2DA5-44A0-89C3-F7AFC07D46F8}.Debug|Any CPU.Build.0 = Debug|Any CPU
		{CDDBD304-2DA5-44A0-89C3-F7AFC07D46F8}.Release|Any CPU.ActiveCfg = Release|Any CPU
		{CDDBD304-2DA5-44A0-89C3-F7AFC07D46F8}.Release|Any CPU.Build.0 = Release|Any CPU
		{837FF93E-5AAC-4179-9BB1-EC6623E05AE7}.Debug|Any CPU.ActiveCfg = Debug|Any CPU
		{837FF93E-5AAC-4179-9BB1-EC6623E05AE7}.Debug|Any CPU.Build.0 = Debug|Any CPU
		{837FF93E-5AAC-4179-9BB1-EC6623E05AE7}.Release|Any CPU.ActiveCfg = Release|Any CPU
		{837FF93E-5AAC-4179-9BB1-EC6623E05AE7}.Release|Any CPU.Build.0 = Release|Any CPU
		{62D13F9B-9C9B-4C4F-B973-EE1FDA5E07A9}.Debug|Any CPU.ActiveCfg = Debug|Any CPU
		{62D13F9B-9C9B-4C4F-B973-EE1FDA5E07A9}.Debug|Any CPU.Build.0 = Debug|Any CPU
		{62D13F9B-9C9B-4C4F-B973-EE1FDA5E07A9}.Release|Any CPU.ActiveCfg = Release|Any CPU
		{62D13F9B-9C9B-4C4F-B973-EE1FDA5E07A9}.Release|Any CPU.Build.0 = Release|Any CPU
		{667D50EE-7B4E-43C4-A23C-2566E89CCC44}.Debug|Any CPU.ActiveCfg = Debug|Any CPU
		{667D50EE-7B4E-43C4-A23C-2566E89CCC44}.Debug|Any CPU.Build.0 = Debug|Any CPU
		{667D50EE-7B4E-43C4-A23C-2566E89CCC44}.Release|Any CPU.ActiveCfg = Release|Any CPU
		{667D50EE-7B4E-43C4-A23C-2566E89CCC44}.Release|Any CPU.Build.0 = Release|Any CPU
	EndGlobalSection
	GlobalSection(SolutionProperties) = preSolution
		HideSolutionNode = FALSE
	EndGlobalSection
	GlobalSection(ExtensibilityGlobals) = postSolution
		SolutionGuid = {8ADE09C4-7ED9-4704-9036-C1F3D5829C0E}
	EndGlobalSection
EndGlobal
